
Microsoft Visual Studio Solution File, Format Version 12.00
# Visual Studio Version 17
VisualStudioVersion = 17.0.32112.339
MinimumVisualStudioVersion = 10.0.40219.1
Project("{FAE04EC0-301F-11D3-BF4B-00C04F79EFBC}") = "imc.UWP", "imc\imc.UWP\imc.UWP.csproj", "{243445F7-A7C1-4E7D-9057-1F40115DE8EA}"
EndProject
Project("{FAE04EC0-301F-11D3-BF4B-00C04F79EFBC}") = "imc.Android", "imc\imc.Android\imc.Android.csproj", "{8583E725-3070-4A47-8E4F-2050B684F164}"
EndProject
Project("{FAE04EC0-301F-11D3-BF4B-00C04F79EFBC}") = "imc", "imc\imc\imc.csproj", "{3920B52F-D884-40E4-8696-80DC01F7F4C6}"
EndProject
Global
	GlobalSection(SolutionConfigurationPlatforms) = preSolution
		Debug|Any CPU = Debug|Any CPU
		Debug|ARM = Debug|ARM
		Debug|x64 = Debug|x64
		Debug|x86 = Debug|x86
		Release|Any CPU = Release|Any CPU
		Release|ARM = Release|ARM
		Release|x64 = Release|x64
		Release|x86 = Release|x86
	EndGlobalSection
	GlobalSection(ProjectConfigurationPlatforms) = postSolution
		{243445F7-A7C1-4E7D-9057-1F40115DE8EA}.Debug|Any CPU.ActiveCfg = Debug|x64
		{243445F7-A7C1-4E7D-9057-1F40115DE8EA}.Debug|Any CPU.Build.0 = Debug|x64
		{243445F7-A7C1-4E7D-9057-1F40115DE8EA}.Debug|Any CPU.Deploy.0 = Debug|x64
		{243445F7-A7C1-4E7D-9057-1F40115DE8EA}.Debug|ARM.ActiveCfg = Debug|ARM
		{243445F7-A7C1-4E7D-9057-1F40115DE8EA}.Debug|ARM.Build.0 = Debug|ARM
		{243445F7-A7C1-4E7D-9057-1F40115DE8EA}.Debug|ARM.Deploy.0 = Debug|ARM
		{243445F7-A7C1-4E7D-9057-1F40115DE8EA}.Debug|x64.ActiveCfg = Debug|x64
		{243445F7-A7C1-4E7D-9057-1F40115DE8EA}.Debug|x64.Build.0 = Debug|x64
		{243445F7-A7C1-4E7D-9057-1F40115DE8EA}.Debug|x64.Deploy.0 = Debug|x64
		{243445F7-A7C1-4E7D-9057-1F40115DE8EA}.Debug|x86.ActiveCfg = Debug|x86
		{243445F7-A7C1-4E7D-9057-1F40115DE8EA}.Debug|x86.Build.0 = Debug|x86
		{243445F7-A7C1-4E7D-9057-1F40115DE8EA}.Debug|x86.Deploy.0 = Debug|x86
		{243445F7-A7C1-4E7D-9057-1F40115DE8EA}.Release|Any CPU.ActiveCfg = Release|x64
		{243445F7-A7C1-4E7D-9057-1F40115DE8EA}.Release|Any CPU.Build.0 = Release|x64
		{243445F7-A7C1-4E7D-9057-1F40115DE8EA}.Release|Any CPU.Deploy.0 = Release|x64
		{243445F7-A7C1-4E7D-9057-1F40115DE8EA}.Release|ARM.ActiveCfg = Release|ARM
		{243445F7-A7C1-4E7D-9057-1F40115DE8EA}.Release|ARM.Build.0 = Release|ARM
		{243445F7-A7C1-4E7D-9057-1F40115DE8EA}.Release|ARM.Deploy.0 = Release|ARM
		{243445F7-A7C1-4E7D-9057-1F40115DE8EA}.Release|x64.ActiveCfg = Release|x64
		{243445F7-A7C1-4E7D-9057-1F40115DE8EA}.Release|x64.Build.0 = Release|x64
		{243445F7-A7C1-4E7D-9057-1F40115DE8EA}.Release|x64.Deploy.0 = Release|x64
		{243445F7-A7C1-4E7D-9057-1F40115DE8EA}.Release|x86.ActiveCfg = Release|x86
		{243445F7-A7C1-4E7D-9057-1F40115DE8EA}.Release|x86.Build.0 = Release|x86
		{243445F7-A7C1-4E7D-9057-1F40115DE8EA}.Release|x86.Deploy.0 = Release|x86
		{8583E725-3070-4A47-8E4F-2050B684F164}.Debug|Any CPU.ActiveCfg = Debug|Any CPU
		{8583E725-3070-4A47-8E4F-2050B684F164}.Debug|Any CPU.Build.0 = Debug|Any CPU
		{8583E725-3070-4A47-8E4F-2050B684F164}.Debug|Any CPU.Deploy.0 = Debug|Any CPU
		{8583E725-3070-4A47-8E4F-2050B684F164}.Debug|ARM.ActiveCfg = Debug|Any CPU
		{8583E725-3070-4A47-8E4F-2050B684F164}.Debug|ARM.Build.0 = Debug|Any CPU
		{8583E725-3070-4A47-8E4F-2050B684F164}.Debug|ARM.Deploy.0 = Debug|Any CPU
		{8583E725-3070-4A47-8E4F-2050B684F164}.Debug|x64.ActiveCfg = Debug|Any CPU
		{8583E725-3070-4A47-8E4F-2050B684F164}.Debug|x64.Build.0 = Debug|Any CPU
		{8583E725-3070-4A47-8E4F-2050B684F164}.Debug|x64.Deploy.0 = Debug|Any CPU
		{8583E725-3070-4A47-8E4F-2050B684F164}.Debug|x86.ActiveCfg = Debug|Any CPU
		{8583E725-3070-4A47-8E4F-2050B684F164}.Debug|x86.Build.0 = Debug|Any CPU
		{8583E725-3070-4A47-8E4F-2050B684F164}.Debug|x86.Deploy.0 = Debug|Any CPU
		{8583E725-3070-4A47-8E4F-2050B684F164}.Release|Any CPU.ActiveCfg = Release|Any CPU
		{8583E725-3070-4A47-8E4F-2050B684F164}.Release|Any CPU.Build.0 = Release|Any CPU
		{8583E725-3070-4A47-8E4F-2050B684F164}.Release|Any CPU.Deploy.0 = Release|Any CPU
		{8583E725-3070-4A47-8E4F-2050B684F164}.Release|ARM.ActiveCfg = Release|Any CPU
		{8583E725-3070-4A47-8E4F-2050B684F164}.Release|ARM.Build.0 = Release|Any CPU
		{8583E725-3070-4A47-8E4F-2050B684F164}.Release|ARM.Deploy.0 = Release|Any CPU
		{8583E725-3070-4A47-8E4F-2050B684F164}.Release|x64.ActiveCfg = Release|Any CPU
		{8583E725-3070-4A47-8E4F-2050B684F164}.Release|x64.Build.0 = Release|Any CPU
		{8583E725-3070-4A47-8E4F-2050B684F164}.Release|x64.Deploy.0 = Release|Any CPU
		{8583E725-3070-4A47-8E4F-2050B684F164}.Release|x86.ActiveCfg = Release|Any CPU
		{8583E725-3070-4A47-8E4F-2050B684F164}.Release|x86.Build.0 = Release|Any CPU
		{8583E725-3070-4A47-8E4F-2050B684F164}.Release|x86.Deploy.0 = Release|Any CPU
		{3920B52F-D884-40E4-8696-80DC01F7F4C6}.Debug|Any CPU.ActiveCfg = Debug|Any CPU
		{3920B52F-D884-40E4-8696-80DC01F7F4C6}.Debug|Any CPU.Build.0 = Debug|Any CPU
		{3920B52F-D884-40E4-8696-80DC01F7F4C6}.Debug|Any CPU.Deploy.0 = Debug|Any CPU
		{3920B52F-D884-40E4-8696-80DC01F7F4C6}.Debug|ARM.ActiveCfg = Debug|Any CPU
		{3920B52F-D884-40E4-8696-80DC01F7F4C6}.Debug|ARM.Build.0 = Debug|Any CPU
		{3920B52F-D884-40E4-8696-80DC01F7F4C6}.Debug|ARM.Deploy.0 = Debug|Any CPU
		{3920B52F-D884-40E4-8696-80DC01F7F4C6}.Debug|x64.ActiveCfg = Debug|Any CPU
		{3920B52F-D884-40E4-8696-80DC01F7F4C6}.Debug|x64.Build.0 = Debug|Any CPU
		{3920B52F-D884-40E4-8696-80DC01F7F4C6}.Debug|x64.Deploy.0 = Debug|Any CPU
		{3920B52F-D884-40E4-8696-80DC01F7F4C6}.Debug|x86.ActiveCfg = Debug|Any CPU
		{3920B52F-D884-40E4-8696-80DC01F7F4C6}.Debug|x86.Build.0 = Debug|Any CPU
		{3920B52F-D884-40E4-8696-80DC01F7F4C6}.Debug|x86.Deploy.0 = Debug|Any CPU
		{3920B52F-D884-40E4-8696-80DC01F7F4C6}.Release|Any CPU.ActiveCfg = Release|Any CPU
		{3920B52F-D884-40E4-8696-80DC01F7F4C6}.Release|Any CPU.Build.0 = Release|Any CPU
		{3920B52F-D884-40E4-8696-80DC01F7F4C6}.Release|Any CPU.Deploy.0 = Release|Any CPU
		{3920B52F-D884-40E4-8696-80DC01F7F4C6}.Release|ARM.ActiveCfg = Release|Any CPU
		{3920B52F-D884-40E4-8696-80DC01F7F4C6}.Release|ARM.Build.0 = Release|Any CPU
		{3920B52F-D884-40E4-8696-80DC01F7F4C6}.Release|ARM.Deploy.0 = Release|Any CPU
		{3920B52F-D884-40E4-8696-80DC01F7F4C6}.Release|x64.ActiveCfg = Release|Any CPU
		{3920B52F-D884-40E4-8696-80DC01F7F4C6}.Release|x64.Build.0 = Release|Any CPU
		{3920B52F-D884-40E4-8696-80DC01F7F4C6}.Release|x64.Deploy.0 = Release|Any CPU
		{3920B52F-D884-40E4-8696-80DC01F7F4C6}.Release|x86.ActiveCfg = Release|Any CPU
		{3920B52F-D884-40E4-8696-80DC01F7F4C6}.Release|x86.Build.0 = Release|Any CPU
		{3920B52F-D884-40E4-8696-80DC01F7F4C6}.Release|x86.Deploy.0 = Release|Any CPU
	EndGlobalSection
	GlobalSection(SolutionProperties) = preSolution
		HideSolutionNode = FALSE
	EndGlobalSection
	GlobalSection(ExtensibilityGlobals) = postSolution
		SolutionGuid = {B948E79A-73AD-42C1-98E5-72E770FABB33}
	EndGlobalSection
EndGlobal
